<?xml version="1.0" encoding="utf-8"?>
<Project ToolsVersion="4.0" xmlns="http://schemas.microsoft.com/developer/msbuild/2003">
  <ItemGroup>
    <Filter Include="Fichiers d%27en-tête">
      <UniqueIdentifier>{93995380-89BD-4b04-88EB-625FBE52EBFB}</UniqueIdentifier>
      <Extensions>h;hh;hpp;hxx;h++;hm;inl;inc;ipp;xsd</Extensions>
    </Filter>
    <Filter Include="Fichiers de ressources">
      <UniqueIdentifier>{67DA6AB6-F800-4c08-8B7A-83BB121AAD01}</UniqueIdentifier>
      <Extensions>rc;ico;cur;bmp;dlg;rc2;rct;bin;rgs;gif;jpg;jpeg;jpe;resx;tiff;tif;png;wav;mfcribbon-ms</Extensions>
    </Filter>
    <Filter Include="Fichiers sources">
      <UniqueIdentifier>{4FC737F1-C7A5-4376-A066-2A32D752A2FF}</UniqueIdentifier>
      <Extensions>cpp;c;cc;cxx;c++;cppm;ixx;def;odl;idl;hpj;bat;asm;asmx</Extensions>
    </Filter>
    <Filter Include="Fichiers d%27en-tête\ForceGenerator">
      <UniqueIdentifier>{f024598f-076d-48da-a74e-e73b6fe59ce9}</UniqueIdentifier>
    </Filter>
    <Filter Include="Fichiers d%27en-tête\Contacts">
      <UniqueIdentifier>{5708bd78-4dd8-42c8-a226-fcbb2a6b91ca}</UniqueIdentifier>
    </Filter>
    <Filter Include="Fichiers sources\ForcesGenerator">
      <UniqueIdentifier>{2a29e07a-ef01-4812-aa9c-07d23f7b7dc1}</UniqueIdentifier>
    </Filter>
    <Filter Include="Fichiers sources\Contacts">
      <UniqueIdentifier>{3e861e67-79ae-4129-b471-345f9fab2054}</UniqueIdentifier>
    </Filter>
    <Filter Include="Fichiers sources\MathTools">
      <UniqueIdentifier>{e1829740-8d7c-4003-a2fa-a62d879f151d}</UniqueIdentifier>
    </Filter>
    <Filter Include="Fichiers d%27en-tête\MathTools">
      <UniqueIdentifier>{bcb08338-ef8e-4212-b15f-5e8146b8f0d7}</UniqueIdentifier>
    </Filter>
  </ItemGroup>
  <ItemGroup>
    <ClCompile Include="Main.cpp">
      <Filter>Fichiers sources</Filter>
    </ClCompile>
    <ClCompile Include="Particule.cpp">
      <Filter>Fichiers sources</Filter>
    </ClCompile>
    <ClCompile Include="ParticuleSystem.cpp">
      <Filter>Fichiers sources</Filter>
    </ClCompile>
    <ClCompile Include="Rigidbody.cpp">
      <Filter>Fichiers sources</Filter>
    </ClCompile>
    <ClCompile Include="RigidBodyManager.cpp">
      <Filter>Fichiers sources</Filter>
    </ClCompile>
    <ClCompile Include="DragForceGenerator.cpp">
      <Filter>Fichiers sources\ForcesGenerator</Filter>
    </ClCompile>
    <ClCompile Include="ForceGenerator.cpp">
      <Filter>Fichiers sources\ForcesGenerator</Filter>
    </ClCompile>
    <ClCompile Include="GravityForceGenerator.cpp">
      <Filter>Fichiers sources\ForcesGenerator</Filter>
    </ClCompile>
    <ClCompile Include="ParticuleAnchoredSpring.cpp">
      <Filter>Fichiers sources\ForcesGenerator</Filter>
    </ClCompile>
    <ClCompile Include="ParticuleElastique.cpp">
      <Filter>Fichiers sources\ForcesGenerator</Filter>
    </ClCompile>
    <ClCompile Include="ParticuleFlottaison.cpp">
      <Filter>Fichiers sources\ForcesGenerator</Filter>
    </ClCompile>
    <ClCompile Include="ParticuleLink.cpp">
      <Filter>Fichiers sources\ForcesGenerator</Filter>
    </ClCompile>
    <ClCompile Include="ParticuleRod.cpp">
      <Filter>Fichiers sources\ForcesGenerator</Filter>
    </ClCompile>
    <ClCompile Include="ParticuleSpring.cpp">
      <Filter>Fichiers sources\ForcesGenerator</Filter>
    </ClCompile>
    <ClCompile Include="RegistreForces.cpp">
      <Filter>Fichiers sources\ForcesGenerator</Filter>
    </ClCompile>
    <ClCompile Include="RegistreForceRigidBody.cpp">
      <Filter>Fichiers sources\ForcesGenerator</Filter>
    </ClCompile>
    <ClCompile Include="ParticuleCable.cpp">
      <Filter>Fichiers sources\ForcesGenerator</Filter>
    </ClCompile>
    <ClCompile Include="ParticuleContact.cpp">
      <Filter>Fichiers sources\Contacts</Filter>
    </ClCompile>
    <ClCompile Include="ParticuleContactGenerator.cpp">
      <Filter>Fichiers sources\Contacts</Filter>
    </ClCompile>
    <ClCompile Include="ParticuleContactResolver.cpp">
      <Filter>Fichiers sources\Contacts</Filter>
    </ClCompile>
    <ClCompile Include="PlaneSurface2DContactGenerator.cpp">
      <Filter>Fichiers sources\Contacts</Filter>
    </ClCompile>
    <ClCompile Include="SimpleParticuleContactGenerator.cpp">
      <Filter>Fichiers sources\Contacts</Filter>
    </ClCompile>
    <ClCompile Include="Matrix3.cpp">
      <Filter>Fichiers sources\MathTools</Filter>
    </ClCompile>
    <ClCompile Include="Matrix4.cpp">
      <Filter>Fichiers sources\MathTools</Filter>
    </ClCompile>
    <ClCompile Include="Quaternion.cpp">
      <Filter>Fichiers sources\MathTools</Filter>
    </ClCompile>
    <ClCompile Include="Vector3D.cpp">
      <Filter>Fichiers sources\MathTools</Filter>
    </ClCompile>
    <ClCompile Include="BoundingVolumes.cpp">
      <Filter>Fichiers sources\Contacts</Filter>
    </ClCompile>
    <ClCompile Include="BroadCollisionDetection.cpp">
      <Filter>Fichiers sources\Contacts</Filter>
    </ClCompile>
    <ClCompile Include="Contact.cpp">
      <Filter>Fichiers sources\Contacts</Filter>
    </ClCompile>
    <ClCompile Include="NarrowCollisionDetection.cpp">
      <Filter>Fichiers sources\Contacts</Filter>
    </ClCompile>
    <ClCompile Include="ContactGenerator.cpp">
      <Filter>Fichiers sources\Contacts</Filter>
    </ClCompile>
    <ClCompile Include="glad.c">
      <Filter>Fichiers sources</Filter>
    </ClCompile>
    <ClCompile Include="CollisionData.cpp">
      <Filter>Fichiers sources\Contacts</Filter>
    </ClCompile>
  </ItemGroup>
  <ItemGroup>
    <ClInclude Include="Particule.h">
      <Filter>Fichiers d%27en-tête</Filter>
    </ClInclude>
    <ClInclude Include="ParticuleSystem.h">
      <Filter>Fichiers d%27en-tête</Filter>
    </ClInclude>
    <ClInclude Include="Rigidbody.h">
      <Filter>Fichiers d%27en-tête</Filter>
    </ClInclude>
    <ClInclude Include="RigidBodyManager.h">
      <Filter>Fichiers d%27en-tête</Filter>
    </ClInclude>
    <ClInclude Include="DragForceGenerator.h">
      <Filter>Fichiers d%27en-tête\ForceGenerator</Filter>
    </ClInclude>
    <ClInclude Include="GravityForceGenerator.h">
      <Filter>Fichiers d%27en-tête\ForceGenerator</Filter>
    </ClInclude>
    <ClInclude Include="ParticuleAnchoredSpring.h">
      <Filter>Fichiers d%27en-tête\ForceGenerator</Filter>
    </ClInclude>
    <ClInclude Include="RegistreForces.h">
      <Filter>Fichiers d%27en-tête\ForceGenerator</Filter>
    </ClInclude>
    <ClInclude Include="ParticuleRod.h">
      <Filter>Fichiers d%27en-tête\ForceGenerator</Filter>
    </ClInclude>
    <ClInclude Include="ParticuleLink.h">
      <Filter>Fichiers d%27en-tête\ForceGenerator</Filter>
    </ClInclude>
    <ClInclude Include="ParticuleSpring.h">
      <Filter>Fichiers d%27en-tête\ForceGenerator</Filter>
    </ClInclude>
    <ClInclude Include="ParticuleCable.h">
      <Filter>Fichiers d%27en-tête\ForceGenerator</Filter>
    </ClInclude>
    <ClInclude Include="ParticuleElastique.h">
      <Filter>Fichiers d%27en-tête\ForceGenerator</Filter>
    </ClInclude>
    <ClInclude Include="ParticuleFlottaison.h">
      <Filter>Fichiers d%27en-tête\ForceGenerator</Filter>
    </ClInclude>
    <ClInclude Include="ForceGenerator.h">
      <Filter>Fichiers d%27en-tête\ForceGenerator</Filter>
    </ClInclude>
    <ClInclude Include="ParticuleContact.h">
      <Filter>Fichiers d%27en-tête\Contacts</Filter>
    </ClInclude>
    <ClInclude Include="ParticuleContactGenerator.h">
      <Filter>Fichiers d%27en-tête\Contacts</Filter>
    </ClInclude>
    <ClInclude Include="ParticuleContactResolver.h">
      <Filter>Fichiers d%27en-tête\Contacts</Filter>
    </ClInclude>
    <ClInclude Include="PlaneSurface2DContactGenerator.h">
      <Filter>Fichiers d%27en-tête\Contacts</Filter>
    </ClInclude>
    <ClInclude Include="SimpleParticuleContactGenerator.h">
      <Filter>Fichiers d%27en-tête\Contacts</Filter>
    </ClInclude>
    <ClInclude Include="RegistreForceRigidBody.h">
      <Filter>Fichiers d%27en-tête\ForceGenerator</Filter>
    </ClInclude>
    <ClInclude Include="Matrix3.h">
      <Filter>Fichiers d%27en-tête\MathTools</Filter>
    </ClInclude>
    <ClInclude Include="Matrix4.h">
      <Filter>Fichiers d%27en-tête\MathTools</Filter>
    </ClInclude>
    <ClInclude Include="Vector3D.h">
      <Filter>Fichiers d%27en-tête\MathTools</Filter>
    </ClInclude>
    <ClInclude Include="Quaternion.h">
      <Filter>Fichiers d%27en-tête\MathTools</Filter>
    </ClInclude>
    <ClInclude Include="BoundingVolumes.h">
      <Filter>Fichiers d%27en-tête\Contacts</Filter>
    </ClInclude>
    <ClInclude Include="BroadCollisionDetection.h">
      <Filter>Fichiers d%27en-tête\Contacts</Filter>
    </ClInclude>
    <ClInclude Include="Contact.h">
      <Filter>Fichiers d%27en-tête\Contacts</Filter>
    </ClInclude>
    <ClInclude Include="NarrowCollisionDetection.h">
      <Filter>Fichiers d%27en-tête\Contacts</Filter>
    </ClInclude>
    <ClInclude Include="ContactGenerator.h">
      <Filter>Fichiers d%27en-tête\Contacts</Filter>
    </ClInclude>
    <ClInclude Include="CollisionData.h">
      <Filter>Fichiers d%27en-tête\Contacts</Filter>
    </ClInclude>
  </ItemGroup>
</Project>